// !$*UTF8*$!
{
	archiveVersion = 1;
	classes = {
	};
	objectVersion = 51;
	objects = {

/* Begin PBXBuildFile section */
		21E07E636FF6F2984928E95F /* Pods_DutchNews.framework in Frameworks */ = {isa = PBXBuildFile; fileRef = 6D6B9A18971CCB93B1E1B562 /* Pods_DutchNews.framework */; };
		D9C19360BE6ACB6A2FE7DA86 /* Pods_DutchNewsTests.framework in Frameworks */ = {isa = PBXBuildFile; fileRef = E4DDFCE580208FED7E50E9D2 /* Pods_DutchNewsTests.framework */; };
		F8154D4E2517D28700BFB42C /* HeadlinesViewController.swift in Sources */ = {isa = PBXBuildFile; fileRef = F8154D4D2517D28700BFB42C /* HeadlinesViewController.swift */; };
		F8154D522517EBC700BFB42C /* HeadlinesViewController+MagazineLayout.swift in Sources */ = {isa = PBXBuildFile; fileRef = F8154D512517EBC700BFB42C /* HeadlinesViewController+MagazineLayout.swift */; };
		F8154D552517EC0D00BFB42C /* HeadlineLayoutConfiguration.swift in Sources */ = {isa = PBXBuildFile; fileRef = F8154D542517EC0D00BFB42C /* HeadlineLayoutConfiguration.swift */; };
		F8154D572517F03600BFB42C /* ArticleHeadlineLayoutConfiguration.swift in Sources */ = {isa = PBXBuildFile; fileRef = F8154D562517F03600BFB42C /* ArticleHeadlineLayoutConfiguration.swift */; };
		F8154D612518011500BFB42C /* MainArticleCollectionViewCell.swift in Sources */ = {isa = PBXBuildFile; fileRef = F8154D5F2518011500BFB42C /* MainArticleCollectionViewCell.swift */; };
		F8154D622518011500BFB42C /* MainArticleCollectionViewCell.xib in Resources */ = {isa = PBXBuildFile; fileRef = F8154D602518011500BFB42C /* MainArticleCollectionViewCell.xib */; };
		F8154D652518012F00BFB42C /* ArticleRowCollectionViewCell.swift in Sources */ = {isa = PBXBuildFile; fileRef = F8154D632518012F00BFB42C /* ArticleRowCollectionViewCell.swift */; };
		F8154D662518012F00BFB42C /* ArticleRowCollectionViewCell.xib in Resources */ = {isa = PBXBuildFile; fileRef = F8154D642518012F00BFB42C /* ArticleRowCollectionViewCell.xib */; };
		F8154D692518016800BFB42C /* HalfWidthArticleCollectionViewCell.swift in Sources */ = {isa = PBXBuildFile; fileRef = F8154D672518016800BFB42C /* HalfWidthArticleCollectionViewCell.swift */; };
		F8154D6A2518016800BFB42C /* HalfWidthArticleCollectionViewCell.xib in Resources */ = {isa = PBXBuildFile; fileRef = F8154D682518016800BFB42C /* HalfWidthArticleCollectionViewCell.xib */; };
		F8154D6C25180A9000BFB42C /* HeadlineBaseCollectionViewCell.swift in Sources */ = {isa = PBXBuildFile; fileRef = F8154D6B25180A9000BFB42C /* HeadlineBaseCollectionViewCell.swift */; };
		F8154D6F25180B0200BFB42C /* UIView+Nib.swift in Sources */ = {isa = PBXBuildFile; fileRef = F8154D6E25180B0200BFB42C /* UIView+Nib.swift */; };
		F8154D7125180C3900BFB42C /* ArticleWebContainerCollectionViewCell.swift in Sources */ = {isa = PBXBuildFile; fileRef = F8154D7025180C3900BFB42C /* ArticleWebContainerCollectionViewCell.swift */; };
		F8154D752518156000BFB42C /* HeadlinesViewController+DataSource.swift in Sources */ = {isa = PBXBuildFile; fileRef = F8154D742518156000BFB42C /* HeadlinesViewController+DataSource.swift */; };
		F8154D7625181B1C00BFB42C /* ArticleWebContainerCollectionViewCell.xib in Resources */ = {isa = PBXBuildFile; fileRef = F8154D7225180F0E00BFB42C /* ArticleWebContainerCollectionViewCell.xib */; };
		F8154D7725181D4100BFB42C /* HeadlineSuccessResponse.json in Resources */ = {isa = PBXBuildFile; fileRef = F888006A2517A8EE008DCC54 /* HeadlineSuccessResponse.json */; };
		F8154D792518207B00BFB42C /* String+HTML.swift in Sources */ = {isa = PBXBuildFile; fileRef = F8154D782518207B00BFB42C /* String+HTML.swift */; };
		F82C8EFD2516304D002B27B3 /* APIClientServiceTests.swift in Sources */ = {isa = PBXBuildFile; fileRef = F82C8EFC2516304D002B27B3 /* APIClientServiceTests.swift */; };
		F82C8EFF25163073002B27B3 /* NetworkMocking.swift in Sources */ = {isa = PBXBuildFile; fileRef = F82C8EFE25163073002B27B3 /* NetworkMocking.swift */; };
		F82C8F0125163898002B27B3 /* NetworkMockingDataFactory.swift in Sources */ = {isa = PBXBuildFile; fileRef = F82C8F0025163898002B27B3 /* NetworkMockingDataFactory.swift */; };
		F858997B25176DC800A6BA2A /* Article.swift in Sources */ = {isa = PBXBuildFile; fileRef = F858997A25176DC800A6BA2A /* Article.swift */; };
		F858997D25176E8F00A6BA2A /* ArticleSource.swift in Sources */ = {isa = PBXBuildFile; fileRef = F858997C25176E8F00A6BA2A /* ArticleSource.swift */; };
		F8589980251772CC00A6BA2A /* ModelTests.swift in Sources */ = {isa = PBXBuildFile; fileRef = F858997F251772CC00A6BA2A /* ModelTests.swift */; };
		F85899822517738C00A6BA2A /* ModelsDataFactory.swift in Sources */ = {isa = PBXBuildFile; fileRef = F85899812517738C00A6BA2A /* ModelsDataFactory.swift */; };
		F858998425177D6200A6BA2A /* Articles.json in Resources */ = {isa = PBXBuildFile; fileRef = F858998325177D6200A6BA2A /* Articles.json */; };
		F8589986251784B200A6BA2A /* ArticleRepository.swift in Sources */ = {isa = PBXBuildFile; fileRef = F8589985251784B200A6BA2A /* ArticleRepository.swift */; };
		F85899882517894B00A6BA2A /* HeadlinesArticleRemoteRepository.swift in Sources */ = {isa = PBXBuildFile; fileRef = F85899872517894B00A6BA2A /* HeadlinesArticleRemoteRepository.swift */; };
		F858998D2517909A00A6BA2A /* MockArticleValidResponse.swift in Sources */ = {isa = PBXBuildFile; fileRef = F858998C2517909A00A6BA2A /* MockArticleValidResponse.swift */; };
		F85899902517910700A6BA2A /* HeadlinesArticleRemoteRepositoryTests.swift in Sources */ = {isa = PBXBuildFile; fileRef = F858998F2517910700A6BA2A /* HeadlinesArticleRemoteRepositoryTests.swift */; };
		F865F74C251686D2001FD067 /* Authenticator.swift in Sources */ = {isa = PBXBuildFile; fileRef = F865F74B251686D2001FD067 /* Authenticator.swift */; };
		F865F74E251687E4001FD067 /* APIAuthenticatorTests.swift in Sources */ = {isa = PBXBuildFile; fileRef = F865F74D251687E4001FD067 /* APIAuthenticatorTests.swift */; };
		F865F75025168F05001FD067 /* AppConfig.swift in Sources */ = {isa = PBXBuildFile; fileRef = F865F74F25168F05001FD067 /* AppConfig.swift */; };
		F865F7602516A643001FD067 /* APIServerResponseStatus.swift in Sources */ = {isa = PBXBuildFile; fileRef = F865F75F2516A643001FD067 /* APIServerResponseStatus.swift */; };
		F865F7622516A6C1001FD067 /* APIServerResponseError.swift in Sources */ = {isa = PBXBuildFile; fileRef = F865F7612516A6C1001FD067 /* APIServerResponseError.swift */; };
		F865F7642516A9D5001FD067 /* APIServerResponse.swift in Sources */ = {isa = PBXBuildFile; fileRef = F865F7632516A9D5001FD067 /* APIServerResponse.swift */; };
		F865F7662516AB66001FD067 /* APIServerResponseTests.swift in Sources */ = {isa = PBXBuildFile; fileRef = F865F7652516AB66001FD067 /* APIServerResponseTests.swift */; };
		F865F76B2516C08C001FD067 /* NetworkValidResponse.swift in Sources */ = {isa = PBXBuildFile; fileRef = F865F76A2516C08C001FD067 /* NetworkValidResponse.swift */; };
		F865F76D2516C826001FD067 /* DefaultAPIValidResponse.swift in Sources */ = {isa = PBXBuildFile; fileRef = F865F76C2516C826001FD067 /* DefaultAPIValidResponse.swift */; };
		F88800692517A423008DCC54 /* RepositoryDependenciesFactory.swift in Sources */ = {isa = PBXBuildFile; fileRef = F88800682517A423008DCC54 /* RepositoryDependenciesFactory.swift */; };
		F888006B2517A8EE008DCC54 /* HeadlineSuccessResponse.json in Resources */ = {isa = PBXBuildFile; fileRef = F888006A2517A8EE008DCC54 /* HeadlineSuccessResponse.json */; };
		F888006D2517AA1F008DCC54 /* HeadlineFailureResponse.json in Resources */ = {isa = PBXBuildFile; fileRef = F888006C2517AA1F008DCC54 /* HeadlineFailureResponse.json */; };
		F89B021E250D446000B41293 /* AppDelegate.swift in Sources */ = {isa = PBXBuildFile; fileRef = F89B021D250D446000B41293 /* AppDelegate.swift */; };
		F89B0220250D446200B41293 /* Assets.xcassets in Resources */ = {isa = PBXBuildFile; fileRef = F89B021F250D446200B41293 /* Assets.xcassets */; };
		F89B0223250D446200B41293 /* LaunchScreen.storyboard in Resources */ = {isa = PBXBuildFile; fileRef = F89B0221250D446200B41293 /* LaunchScreen.storyboard */; };
		F89B022E250D446200B41293 /* DutchNewsTests.swift in Sources */ = {isa = PBXBuildFile; fileRef = F89B022D250D446200B41293 /* DutchNewsTests.swift */; };
		F8DE79E32515904400A6C2D5 /* NetworkService.swift in Sources */ = {isa = PBXBuildFile; fileRef = F8DE79E22515904400A6C2D5 /* NetworkService.swift */; };
		F8DE79E5251594D700A6C2D5 /* APIClientService.swift in Sources */ = {isa = PBXBuildFile; fileRef = F8DE79E4251594D700A6C2D5 /* APIClientService.swift */; };
		F8E5C0E9251881C80083D2B1 /* AlertableView.swift in Sources */ = {isa = PBXBuildFile; fileRef = F8E5C0E8251881C80083D2B1 /* AlertableView.swift */; };
		F8E5C0EB251882560083D2B1 /* UIViewController+AlertableView.swift in Sources */ = {isa = PBXBuildFile; fileRef = F8E5C0EA251882560083D2B1 /* UIViewController+AlertableView.swift */; };
		F8E5C0ED2518833B0083D2B1 /* ArticlesViewModel.swift in Sources */ = {isa = PBXBuildFile; fileRef = F8E5C0EC2518833B0083D2B1 /* ArticlesViewModel.swift */; };
		F8E5C0EF2518848D0083D2B1 /* HeadlinesViewModel.swift in Sources */ = {isa = PBXBuildFile; fileRef = F8E5C0EE2518848D0083D2B1 /* HeadlinesViewModel.swift */; };
		F8E5C0F1251884A20083D2B1 /* HeadlineSearchViewModel.swift in Sources */ = {isa = PBXBuildFile; fileRef = F8E5C0F0251884A20083D2B1 /* HeadlineSearchViewModel.swift */; };
		F8E5C0F32518D8AC0083D2B1 /* ArticleViewModel.swift in Sources */ = {isa = PBXBuildFile; fileRef = F8E5C0F22518D8AC0083D2B1 /* ArticleViewModel.swift */; };
		F8E5C0F52518DD3E0083D2B1 /* ViewModelState.swift in Sources */ = {isa = PBXBuildFile; fileRef = F8E5C0F42518DD3E0083D2B1 /* ViewModelState.swift */; };
		F8E5C0F82518E7770083D2B1 /* HeadlinesUseCases.swift in Sources */ = {isa = PBXBuildFile; fileRef = F8E5C0F72518E7770083D2B1 /* HeadlinesUseCases.swift */; };
		F8E5C0FA2518E8100083D2B1 /* HeadlinesFetchingUseCase.swift in Sources */ = {isa = PBXBuildFile; fileRef = F8E5C0F92518E8100083D2B1 /* HeadlinesFetchingUseCase.swift */; };
		F8E5C0FC2518E9150083D2B1 /* HeadlinesSearchingUseCases.swift in Sources */ = {isa = PBXBuildFile; fileRef = F8E5C0FB2518E9150083D2B1 /* HeadlinesSearchingUseCases.swift */; };
		F8E5C0FE25190CDD0083D2B1 /* HeadlineCellViewModel.swift in Sources */ = {isa = PBXBuildFile; fileRef = F8E5C0FD25190CDD0083D2B1 /* HeadlineCellViewModel.swift */; };
		F8F14C74250D719800C24FF5 /* Main.storyboard in Resources */ = {isa = PBXBuildFile; fileRef = F8F14C72250D719800C24FF5 /* Main.storyboard */; };
/* End PBXBuildFile section */

/* Begin PBXContainerItemProxy section */
		F89B022A250D446200B41293 /* PBXContainerItemProxy */ = {
			isa = PBXContainerItemProxy;
			containerPortal = F89B0212250D446000B41293 /* Project object */;
			proxyType = 1;
			remoteGlobalIDString = F89B0219250D446000B41293;
			remoteInfo = DutchNews;
		};
/* End PBXContainerItemProxy section */

/* Begin PBXFileReference section */
		06FCAD588464F494AF84398E /* Pods_DutchNewsUITests.framework */ = {isa = PBXFileReference; explicitFileType = wrapper.framework; includeInIndex = 0; path = Pods_DutchNewsUITests.framework; sourceTree = BUILT_PRODUCTS_DIR; };
		4F28822A80945682344AAC12 /* Pods-DutchNews-DutchNewsUITests.debug.xcconfig */ = {isa = PBXFileReference; includeInIndex = 1; lastKnownFileType = text.xcconfig; name = "Pods-DutchNews-DutchNewsUITests.debug.xcconfig"; path = "Target Support Files/Pods-DutchNews-DutchNewsUITests/Pods-DutchNews-DutchNewsUITests.debug.xcconfig"; sourceTree = "<group>"; };
		58F7ABB66E4031DDAE7CBDC7 /* Pods-DutchNewsUITests.debug.xcconfig */ = {isa = PBXFileReference; includeInIndex = 1; lastKnownFileType = text.xcconfig; name = "Pods-DutchNewsUITests.debug.xcconfig"; path = "Target Support Files/Pods-DutchNewsUITests/Pods-DutchNewsUITests.debug.xcconfig"; sourceTree = "<group>"; };
		5BB041D0AA6B599D4F5E7D81 /* Pods-DutchNewsTests.debug.xcconfig */ = {isa = PBXFileReference; includeInIndex = 1; lastKnownFileType = text.xcconfig; name = "Pods-DutchNewsTests.debug.xcconfig"; path = "Target Support Files/Pods-DutchNewsTests/Pods-DutchNewsTests.debug.xcconfig"; sourceTree = "<group>"; };
		60D3AE4F11A8491BCCC459D7 /* Pods-DutchNews-DutchNewsUITests.release.xcconfig */ = {isa = PBXFileReference; includeInIndex = 1; lastKnownFileType = text.xcconfig; name = "Pods-DutchNews-DutchNewsUITests.release.xcconfig"; path = "Target Support Files/Pods-DutchNews-DutchNewsUITests/Pods-DutchNews-DutchNewsUITests.release.xcconfig"; sourceTree = "<group>"; };
		6D6B9A18971CCB93B1E1B562 /* Pods_DutchNews.framework */ = {isa = PBXFileReference; explicitFileType = wrapper.framework; includeInIndex = 0; path = Pods_DutchNews.framework; sourceTree = BUILT_PRODUCTS_DIR; };
		9F5E3588EBC310FDA84D4BC9 /* Pods-DutchNews.release.xcconfig */ = {isa = PBXFileReference; includeInIndex = 1; lastKnownFileType = text.xcconfig; name = "Pods-DutchNews.release.xcconfig"; path = "Target Support Files/Pods-DutchNews/Pods-DutchNews.release.xcconfig"; sourceTree = "<group>"; };
		C8E2BC6DABFC66D3F898B924 /* Pods-DutchNewsTests.release.xcconfig */ = {isa = PBXFileReference; includeInIndex = 1; lastKnownFileType = text.xcconfig; name = "Pods-DutchNewsTests.release.xcconfig"; path = "Target Support Files/Pods-DutchNewsTests/Pods-DutchNewsTests.release.xcconfig"; sourceTree = "<group>"; };
		CE0BB7F85E1175162F017DD0 /* Pods-DutchNews.debug.xcconfig */ = {isa = PBXFileReference; includeInIndex = 1; lastKnownFileType = text.xcconfig; name = "Pods-DutchNews.debug.xcconfig"; path = "Target Support Files/Pods-DutchNews/Pods-DutchNews.debug.xcconfig"; sourceTree = "<group>"; };
		DD3A1F2B03FE42DB1EAECC2E /* Pods-DutchNewsUITests.release.xcconfig */ = {isa = PBXFileReference; includeInIndex = 1; lastKnownFileType = text.xcconfig; name = "Pods-DutchNewsUITests.release.xcconfig"; path = "Target Support Files/Pods-DutchNewsUITests/Pods-DutchNewsUITests.release.xcconfig"; sourceTree = "<group>"; };
		E4DDFCE580208FED7E50E9D2 /* Pods_DutchNewsTests.framework */ = {isa = PBXFileReference; explicitFileType = wrapper.framework; includeInIndex = 0; path = Pods_DutchNewsTests.framework; sourceTree = BUILT_PRODUCTS_DIR; };
		F8154D4D2517D28700BFB42C /* HeadlinesViewController.swift */ = {isa = PBXFileReference; lastKnownFileType = sourcecode.swift; path = HeadlinesViewController.swift; sourceTree = "<group>"; };
		F8154D512517EBC700BFB42C /* HeadlinesViewController+MagazineLayout.swift */ = {isa = PBXFileReference; lastKnownFileType = sourcecode.swift; path = "HeadlinesViewController+MagazineLayout.swift"; sourceTree = "<group>"; };
		F8154D542517EC0D00BFB42C /* HeadlineLayoutConfiguration.swift */ = {isa = PBXFileReference; lastKnownFileType = sourcecode.swift; path = HeadlineLayoutConfiguration.swift; sourceTree = "<group>"; };
		F8154D562517F03600BFB42C /* ArticleHeadlineLayoutConfiguration.swift */ = {isa = PBXFileReference; lastKnownFileType = sourcecode.swift; path = ArticleHeadlineLayoutConfiguration.swift; sourceTree = "<group>"; };
		F8154D5F2518011500BFB42C /* MainArticleCollectionViewCell.swift */ = {isa = PBXFileReference; lastKnownFileType = sourcecode.swift; path = MainArticleCollectionViewCell.swift; sourceTree = "<group>"; };
		F8154D602518011500BFB42C /* MainArticleCollectionViewCell.xib */ = {isa = PBXFileReference; lastKnownFileType = file.xib; path = MainArticleCollectionViewCell.xib; sourceTree = "<group>"; };
		F8154D632518012F00BFB42C /* ArticleRowCollectionViewCell.swift */ = {isa = PBXFileReference; lastKnownFileType = sourcecode.swift; path = ArticleRowCollectionViewCell.swift; sourceTree = "<group>"; };
		F8154D642518012F00BFB42C /* ArticleRowCollectionViewCell.xib */ = {isa = PBXFileReference; lastKnownFileType = file.xib; path = ArticleRowCollectionViewCell.xib; sourceTree = "<group>"; };
		F8154D672518016800BFB42C /* HalfWidthArticleCollectionViewCell.swift */ = {isa = PBXFileReference; lastKnownFileType = sourcecode.swift; path = HalfWidthArticleCollectionViewCell.swift; sourceTree = "<group>"; };
		F8154D682518016800BFB42C /* HalfWidthArticleCollectionViewCell.xib */ = {isa = PBXFileReference; lastKnownFileType = file.xib; path = HalfWidthArticleCollectionViewCell.xib; sourceTree = "<group>"; };
		F8154D6B25180A9000BFB42C /* HeadlineBaseCollectionViewCell.swift */ = {isa = PBXFileReference; lastKnownFileType = sourcecode.swift; path = HeadlineBaseCollectionViewCell.swift; sourceTree = "<group>"; };
		F8154D6E25180B0200BFB42C /* UIView+Nib.swift */ = {isa = PBXFileReference; lastKnownFileType = sourcecode.swift; path = "UIView+Nib.swift"; sourceTree = "<group>"; };
		F8154D7025180C3900BFB42C /* ArticleWebContainerCollectionViewCell.swift */ = {isa = PBXFileReference; lastKnownFileType = sourcecode.swift; path = ArticleWebContainerCollectionViewCell.swift; sourceTree = "<group>"; };
		F8154D7225180F0E00BFB42C /* ArticleWebContainerCollectionViewCell.xib */ = {isa = PBXFileReference; lastKnownFileType = file.xib; path = ArticleWebContainerCollectionViewCell.xib; sourceTree = "<group>"; };
		F8154D742518156000BFB42C /* HeadlinesViewController+DataSource.swift */ = {isa = PBXFileReference; lastKnownFileType = sourcecode.swift; path = "HeadlinesViewController+DataSource.swift"; sourceTree = "<group>"; };
		F8154D782518207B00BFB42C /* String+HTML.swift */ = {isa = PBXFileReference; lastKnownFileType = sourcecode.swift; path = "String+HTML.swift"; sourceTree = "<group>"; };
		F82C8EFC2516304D002B27B3 /* APIClientServiceTests.swift */ = {isa = PBXFileReference; lastKnownFileType = sourcecode.swift; path = APIClientServiceTests.swift; sourceTree = "<group>"; };
		F82C8EFE25163073002B27B3 /* NetworkMocking.swift */ = {isa = PBXFileReference; lastKnownFileType = sourcecode.swift; path = NetworkMocking.swift; sourceTree = "<group>"; };
		F82C8F0025163898002B27B3 /* NetworkMockingDataFactory.swift */ = {isa = PBXFileReference; lastKnownFileType = sourcecode.swift; path = NetworkMockingDataFactory.swift; sourceTree = "<group>"; };
		F858997A25176DC800A6BA2A /* Article.swift */ = {isa = PBXFileReference; lastKnownFileType = sourcecode.swift; path = Article.swift; sourceTree = "<group>"; };
		F858997C25176E8F00A6BA2A /* ArticleSource.swift */ = {isa = PBXFileReference; lastKnownFileType = sourcecode.swift; path = ArticleSource.swift; sourceTree = "<group>"; };
		F858997F251772CC00A6BA2A /* ModelTests.swift */ = {isa = PBXFileReference; lastKnownFileType = sourcecode.swift; path = ModelTests.swift; sourceTree = "<group>"; };
		F85899812517738C00A6BA2A /* ModelsDataFactory.swift */ = {isa = PBXFileReference; lastKnownFileType = sourcecode.swift; path = ModelsDataFactory.swift; sourceTree = "<group>"; };
		F858998325177D6200A6BA2A /* Articles.json */ = {isa = PBXFileReference; fileEncoding = 4; lastKnownFileType = text.json; path = Articles.json; sourceTree = "<group>"; };
		F8589985251784B200A6BA2A /* ArticleRepository.swift */ = {isa = PBXFileReference; lastKnownFileType = sourcecode.swift; path = ArticleRepository.swift; sourceTree = "<group>"; };
		F85899872517894B00A6BA2A /* HeadlinesArticleRemoteRepository.swift */ = {isa = PBXFileReference; lastKnownFileType = sourcecode.swift; path = HeadlinesArticleRemoteRepository.swift; sourceTree = "<group>"; };
		F858998C2517909A00A6BA2A /* MockArticleValidResponse.swift */ = {isa = PBXFileReference; lastKnownFileType = sourcecode.swift; path = MockArticleValidResponse.swift; sourceTree = "<group>"; };
		F858998F2517910700A6BA2A /* HeadlinesArticleRemoteRepositoryTests.swift */ = {isa = PBXFileReference; lastKnownFileType = sourcecode.swift; path = HeadlinesArticleRemoteRepositoryTests.swift; sourceTree = "<group>"; };
		F865F74B251686D2001FD067 /* Authenticator.swift */ = {isa = PBXFileReference; lastKnownFileType = sourcecode.swift; path = Authenticator.swift; sourceTree = "<group>"; };
		F865F74D251687E4001FD067 /* APIAuthenticatorTests.swift */ = {isa = PBXFileReference; lastKnownFileType = sourcecode.swift; path = APIAuthenticatorTests.swift; sourceTree = "<group>"; };
		F865F74F25168F05001FD067 /* AppConfig.swift */ = {isa = PBXFileReference; lastKnownFileType = sourcecode.swift; path = AppConfig.swift; sourceTree = "<group>"; };
		F865F75F2516A643001FD067 /* APIServerResponseStatus.swift */ = {isa = PBXFileReference; lastKnownFileType = sourcecode.swift; path = APIServerResponseStatus.swift; sourceTree = "<group>"; };
		F865F7612516A6C1001FD067 /* APIServerResponseError.swift */ = {isa = PBXFileReference; lastKnownFileType = sourcecode.swift; path = APIServerResponseError.swift; sourceTree = "<group>"; };
		F865F7632516A9D5001FD067 /* APIServerResponse.swift */ = {isa = PBXFileReference; lastKnownFileType = sourcecode.swift; path = APIServerResponse.swift; sourceTree = "<group>"; };
		F865F7652516AB66001FD067 /* APIServerResponseTests.swift */ = {isa = PBXFileReference; lastKnownFileType = sourcecode.swift; path = APIServerResponseTests.swift; sourceTree = "<group>"; };
		F865F76A2516C08C001FD067 /* NetworkValidResponse.swift */ = {isa = PBXFileReference; fileEncoding = 4; lastKnownFileType = sourcecode.swift; path = NetworkValidResponse.swift; sourceTree = "<group>"; };
		F865F76C2516C826001FD067 /* DefaultAPIValidResponse.swift */ = {isa = PBXFileReference; lastKnownFileType = sourcecode.swift; path = DefaultAPIValidResponse.swift; sourceTree = "<group>"; };
		F88800682517A423008DCC54 /* RepositoryDependenciesFactory.swift */ = {isa = PBXFileReference; lastKnownFileType = sourcecode.swift; path = RepositoryDependenciesFactory.swift; sourceTree = "<group>"; };
		F888006A2517A8EE008DCC54 /* HeadlineSuccessResponse.json */ = {isa = PBXFileReference; fileEncoding = 4; lastKnownFileType = text.json; path = HeadlineSuccessResponse.json; sourceTree = "<group>"; };
		F888006C2517AA1F008DCC54 /* HeadlineFailureResponse.json */ = {isa = PBXFileReference; fileEncoding = 4; lastKnownFileType = text.json; path = HeadlineFailureResponse.json; sourceTree = "<group>"; };
		F89B021A250D446000B41293 /* DutchNews.app */ = {isa = PBXFileReference; explicitFileType = wrapper.application; includeInIndex = 0; path = DutchNews.app; sourceTree = BUILT_PRODUCTS_DIR; };
		F89B021D250D446000B41293 /* AppDelegate.swift */ = {isa = PBXFileReference; lastKnownFileType = sourcecode.swift; path = AppDelegate.swift; sourceTree = "<group>"; };
		F89B021F250D446200B41293 /* Assets.xcassets */ = {isa = PBXFileReference; lastKnownFileType = folder.assetcatalog; path = Assets.xcassets; sourceTree = "<group>"; };
		F89B0222250D446200B41293 /* Base */ = {isa = PBXFileReference; lastKnownFileType = file.storyboard; name = Base; path = Base.lproj/LaunchScreen.storyboard; sourceTree = "<group>"; };
		F89B0224250D446200B41293 /* Info.plist */ = {isa = PBXFileReference; lastKnownFileType = text.plist.xml; path = Info.plist; sourceTree = "<group>"; };
		F89B0229250D446200B41293 /* DutchNewsTests.xctest */ = {isa = PBXFileReference; explicitFileType = wrapper.cfbundle; includeInIndex = 0; path = DutchNewsTests.xctest; sourceTree = BUILT_PRODUCTS_DIR; };
		F89B022D250D446200B41293 /* DutchNewsTests.swift */ = {isa = PBXFileReference; lastKnownFileType = sourcecode.swift; path = DutchNewsTests.swift; sourceTree = "<group>"; };
		F89B022F250D446200B41293 /* Info.plist */ = {isa = PBXFileReference; lastKnownFileType = text.plist.xml; path = Info.plist; sourceTree = "<group>"; };
		F8DE79E22515904400A6C2D5 /* NetworkService.swift */ = {isa = PBXFileReference; lastKnownFileType = sourcecode.swift; path = NetworkService.swift; sourceTree = "<group>"; };
		F8DE79E4251594D700A6C2D5 /* APIClientService.swift */ = {isa = PBXFileReference; lastKnownFileType = sourcecode.swift; path = APIClientService.swift; sourceTree = "<group>"; };
		F8E5C0E8251881C80083D2B1 /* AlertableView.swift */ = {isa = PBXFileReference; lastKnownFileType = sourcecode.swift; path = AlertableView.swift; sourceTree = "<group>"; };
		F8E5C0EA251882560083D2B1 /* UIViewController+AlertableView.swift */ = {isa = PBXFileReference; lastKnownFileType = sourcecode.swift; path = "UIViewController+AlertableView.swift"; sourceTree = "<group>"; };
		F8E5C0EC2518833B0083D2B1 /* ArticlesViewModel.swift */ = {isa = PBXFileReference; lastKnownFileType = sourcecode.swift; path = ArticlesViewModel.swift; sourceTree = "<group>"; };
		F8E5C0EE2518848D0083D2B1 /* HeadlinesViewModel.swift */ = {isa = PBXFileReference; lastKnownFileType = sourcecode.swift; path = HeadlinesViewModel.swift; sourceTree = "<group>"; };
		F8E5C0F0251884A20083D2B1 /* HeadlineSearchViewModel.swift */ = {isa = PBXFileReference; lastKnownFileType = sourcecode.swift; path = HeadlineSearchViewModel.swift; sourceTree = "<group>"; };
		F8E5C0F22518D8AC0083D2B1 /* ArticleViewModel.swift */ = {isa = PBXFileReference; lastKnownFileType = sourcecode.swift; path = ArticleViewModel.swift; sourceTree = "<group>"; };
		F8E5C0F42518DD3E0083D2B1 /* ViewModelState.swift */ = {isa = PBXFileReference; lastKnownFileType = sourcecode.swift; path = ViewModelState.swift; sourceTree = "<group>"; };
		F8E5C0F72518E7770083D2B1 /* HeadlinesUseCases.swift */ = {isa = PBXFileReference; lastKnownFileType = sourcecode.swift; path = HeadlinesUseCases.swift; sourceTree = "<group>"; };
		F8E5C0F92518E8100083D2B1 /* HeadlinesFetchingUseCase.swift */ = {isa = PBXFileReference; lastKnownFileType = sourcecode.swift; path = HeadlinesFetchingUseCase.swift; sourceTree = "<group>"; };
		F8E5C0FB2518E9150083D2B1 /* HeadlinesSearchingUseCases.swift */ = {isa = PBXFileReference; lastKnownFileType = sourcecode.swift; path = HeadlinesSearchingUseCases.swift; sourceTree = "<group>"; };
		F8E5C0FD25190CDD0083D2B1 /* HeadlineCellViewModel.swift */ = {isa = PBXFileReference; lastKnownFileType = sourcecode.swift; path = HeadlineCellViewModel.swift; sourceTree = "<group>"; };
		F8F14C73250D719800C24FF5 /* Base */ = {isa = PBXFileReference; lastKnownFileType = file.storyboard; name = Base; path = Base.lproj/Main.storyboard; sourceTree = "<group>"; };
/* End PBXFileReference section */

/* Begin PBXFrameworksBuildPhase section */
		F89B0217250D446000B41293 /* Frameworks */ = {
			isa = PBXFrameworksBuildPhase;
			buildActionMask = 2147483647;
			files = (
				21E07E636FF6F2984928E95F /* Pods_DutchNews.framework in Frameworks */,
			);
			runOnlyForDeploymentPostprocessing = 0;
		};
		F89B0226250D446200B41293 /* Frameworks */ = {
			isa = PBXFrameworksBuildPhase;
			buildActionMask = 2147483647;
			files = (
				D9C19360BE6ACB6A2FE7DA86 /* Pods_DutchNewsTests.framework in Frameworks */,
			);
			runOnlyForDeploymentPostprocessing = 0;
		};
/* End PBXFrameworksBuildPhase section */

/* Begin PBXGroup section */
		4B3F257B8F205BA3F43A73E1 /* Frameworks */ = {
			isa = PBXGroup;
			children = (
				6D6B9A18971CCB93B1E1B562 /* Pods_DutchNews.framework */,
				E4DDFCE580208FED7E50E9D2 /* Pods_DutchNewsTests.framework */,
				06FCAD588464F494AF84398E /* Pods_DutchNewsUITests.framework */,
			);
			name = Frameworks;
			sourceTree = "<group>";
		};
		F8154D532517EBE300BFB42C /* HeadlineLayoutConfiguration */ = {
			isa = PBXGroup;
			children = (
				F8154D542517EC0D00BFB42C /* HeadlineLayoutConfiguration.swift */,
				F8154D562517F03600BFB42C /* ArticleHeadlineLayoutConfiguration.swift */,
			);
			path = HeadlineLayoutConfiguration;
			sourceTree = "<group>";
		};
		F8154D5A251800E400BFB42C /* Cells */ = {
			isa = PBXGroup;
			children = (
				F8154D6B25180A9000BFB42C /* HeadlineBaseCollectionViewCell.swift */,
				F8154D5F2518011500BFB42C /* MainArticleCollectionViewCell.swift */,
				F8154D602518011500BFB42C /* MainArticleCollectionViewCell.xib */,
				F8154D632518012F00BFB42C /* ArticleRowCollectionViewCell.swift */,
				F8154D642518012F00BFB42C /* ArticleRowCollectionViewCell.xib */,
				F8154D672518016800BFB42C /* HalfWidthArticleCollectionViewCell.swift */,
				F8154D682518016800BFB42C /* HalfWidthArticleCollectionViewCell.xib */,
				F8154D7025180C3900BFB42C /* ArticleWebContainerCollectionViewCell.swift */,
				F8154D7225180F0E00BFB42C /* ArticleWebContainerCollectionViewCell.xib */,
			);
			path = Cells;
			sourceTree = "<group>";
		};
		F8154D6D25180AF100BFB42C /* UI */ = {
			isa = PBXGroup;
			children = (
				F8154D6E25180B0200BFB42C /* UIView+Nib.swift */,
				F8E5C0EA251882560083D2B1 /* UIViewController+AlertableView.swift */,
			);
			path = UI;
			sourceTree = "<group>";
		};
		F82C8EFB2516051D002B27B3 /* NetworkTests */ = {
			isa = PBXGroup;
			children = (
				F82C8F0225163931002B27B3 /* Helper */,
				F82C8EFC2516304D002B27B3 /* APIClientServiceTests.swift */,
				F865F74D251687E4001FD067 /* APIAuthenticatorTests.swift */,
				F865F7652516AB66001FD067 /* APIServerResponseTests.swift */,
			);
			path = NetworkTests;
			sourceTree = "<group>";
		};
		F82C8F0225163931002B27B3 /* Helper */ = {
			isa = PBXGroup;
			children = (
				F82C8EFE25163073002B27B3 /* NetworkMocking.swift */,
				F82C8F0025163898002B27B3 /* NetworkMockingDataFactory.swift */,
			);
			path = Helper;
			sourceTree = "<group>";
		};
		F858997925176D7700A6BA2A /* Models */ = {
			isa = PBXGroup;
			children = (
				F858997A25176DC800A6BA2A /* Article.swift */,
				F858997C25176E8F00A6BA2A /* ArticleSource.swift */,
			);
			path = Models;
			sourceTree = "<group>";
		};
		F858997E251772AF00A6BA2A /* ModelsTests */ = {
			isa = PBXGroup;
			children = (
				F858997F251772CC00A6BA2A /* ModelTests.swift */,
				F85899812517738C00A6BA2A /* ModelsDataFactory.swift */,
				F858998325177D6200A6BA2A /* Articles.json */,
			);
			path = ModelsTests;
			sourceTree = "<group>";
		};
		F858998B2517906B00A6BA2A /* Repositories */ = {
			isa = PBXGroup;
			children = (
				F858998C2517909A00A6BA2A /* MockArticleValidResponse.swift */,
				F88800682517A423008DCC54 /* RepositoryDependenciesFactory.swift */,
				F858998E251790DF00A6BA2A /* HeadLines */,
			);
			path = Repositories;
			sourceTree = "<group>";
		};
		F858998E251790DF00A6BA2A /* HeadLines */ = {
			isa = PBXGroup;
			children = (
				F888006A2517A8EE008DCC54 /* HeadlineSuccessResponse.json */,
				F888006C2517AA1F008DCC54 /* HeadlineFailureResponse.json */,
				F858998F2517910700A6BA2A /* HeadlinesArticleRemoteRepositoryTests.swift */,
			);
			path = HeadLines;
			sourceTree = "<group>";
		};
		F865F74A251686C1001FD067 /* Authenticator */ = {
			isa = PBXGroup;
			children = (
				F865F74B251686D2001FD067 /* Authenticator.swift */,
			);
			path = Authenticator;
			sourceTree = "<group>";
		};
		F865F7512516998A001FD067 /* Repositories */ = {
			isa = PBXGroup;
			children = (
				F8589985251784B200A6BA2A /* ArticleRepository.swift */,
				F85899872517894B00A6BA2A /* HeadlinesArticleRemoteRepository.swift */,
			);
			path = Repositories;
			sourceTree = "<group>";
		};
		F865F75C2516A4E6001FD067 /* Response */ = {
			isa = PBXGroup;
			children = (
				F865F75F2516A643001FD067 /* APIServerResponseStatus.swift */,
				F865F7612516A6C1001FD067 /* APIServerResponseError.swift */,
				F865F7632516A9D5001FD067 /* APIServerResponse.swift */,
				F865F76C2516C826001FD067 /* DefaultAPIValidResponse.swift */,
			);
			path = Response;
			sourceTree = "<group>";
		};
		F89B0211250D446000B41293 = {
			isa = PBXGroup;
			children = (
				F89B021C250D446000B41293 /* DutchNews */,
				F89B022C250D446200B41293 /* DutchNewsTests */,
				F89B021B250D446000B41293 /* Products */,
				FA6C9BAEFCB0D31A29283E4B /* Pods */,
				4B3F257B8F205BA3F43A73E1 /* Frameworks */,
			);
			sourceTree = "<group>";
		};
		F89B021B250D446000B41293 /* Products */ = {
			isa = PBXGroup;
			children = (
				F89B021A250D446000B41293 /* DutchNews.app */,
				F89B0229250D446200B41293 /* DutchNewsTests.xctest */,
			);
			name = Products;
			sourceTree = "<group>";
		};
		F89B021C250D446000B41293 /* DutchNews */ = {
			isa = PBXGroup;
			children = (
				F8F14C68250D70AA00C24FF5 /* Classes */,
				F8F14C70250D712400C24FF5 /* Resources */,
				F89B021D250D446000B41293 /* AppDelegate.swift */,
				F89B0224250D446200B41293 /* Info.plist */,
				F865F74F25168F05001FD067 /* AppConfig.swift */,
			);
			path = DutchNews;
			sourceTree = "<group>";
		};
		F89B022C250D446200B41293 /* DutchNewsTests */ = {
			isa = PBXGroup;
			children = (
				F858998B2517906B00A6BA2A /* Repositories */,
				F858997E251772AF00A6BA2A /* ModelsTests */,
				F82C8EFB2516051D002B27B3 /* NetworkTests */,
				F89B022D250D446200B41293 /* DutchNewsTests.swift */,
				F89B022F250D446200B41293 /* Info.plist */,
			);
			path = DutchNewsTests;
			sourceTree = "<group>";
		};
		F8E5C0E7251881400083D2B1 /* AlertView */ = {
			isa = PBXGroup;
			children = (
				F8E5C0E8251881C80083D2B1 /* AlertableView.swift */,
			);
			path = AlertView;
			sourceTree = "<group>";
		};
		F8E5C0F62518E7300083D2B1 /* Domains */ = {
			isa = PBXGroup;
			children = (
				F8E5C0F72518E7770083D2B1 /* HeadlinesUseCases.swift */,
				F8E5C0F92518E8100083D2B1 /* HeadlinesFetchingUseCase.swift */,
				F8E5C0FB2518E9150083D2B1 /* HeadlinesSearchingUseCases.swift */,
			);
			path = Domains;
			sourceTree = "<group>";
		};
		F8F14C68250D70AA00C24FF5 /* Classes */ = {
			isa = PBXGroup;
			children = (
				F8F14C6C250D70CF00C24FF5 /* ViewControllers */,
				F8F14C6B250D70C700C24FF5 /* ViewModels */,
				F8F14C6A250D70BD00C24FF5 /* Views */,
				F858997925176D7700A6BA2A /* Models */,
				F8E5C0F62518E7300083D2B1 /* Domains */,
				F8F14C69250D70B400C24FF5 /* Data Layers */,
				F8F14C6F250D710100C24FF5 /* Extensions */,
				F8F14C6D250D70DC00C24FF5 /* Utilites */,
			);
			path = Classes;
			sourceTree = "<group>";
		};
		F8F14C69250D70B400C24FF5 /* Data Layers */ = {
			isa = PBXGroup;
			children = (
				F865F7512516998A001FD067 /* Repositories */,
				F865F74A251686C1001FD067 /* Authenticator */,
				F8F14C6E250D70F900C24FF5 /* Networking */,
			);
			path = "Data Layers";
			sourceTree = "<group>";
		};
		F8F14C6A250D70BD00C24FF5 /* Views */ = {
			isa = PBXGroup;
			children = (
				F8E5C0E7251881400083D2B1 /* AlertView */,
				F8154D5A251800E400BFB42C /* Cells */,
			);
			path = Views;
			sourceTree = "<group>";
		};
		F8F14C6B250D70C700C24FF5 /* ViewModels */ = {
			isa = PBXGroup;
			children = (
				F8E5C0F42518DD3E0083D2B1 /* ViewModelState.swift */,
				F8E5C0F22518D8AC0083D2B1 /* ArticleViewModel.swift */,
				F8E5C0EC2518833B0083D2B1 /* ArticlesViewModel.swift */,
				F8E5C0EE2518848D0083D2B1 /* HeadlinesViewModel.swift */,
				F8E5C0F0251884A20083D2B1 /* HeadlineSearchViewModel.swift */,
				F8E5C0FD25190CDD0083D2B1 /* HeadlineCellViewModel.swift */,
			);
			path = ViewModels;
			sourceTree = "<group>";
		};
		F8F14C6C250D70CF00C24FF5 /* ViewControllers */ = {
			isa = PBXGroup;
			children = (
				F8154D4D2517D28700BFB42C /* HeadlinesViewController.swift */,
				F8154D742518156000BFB42C /* HeadlinesViewController+DataSource.swift */,
				F8154D512517EBC700BFB42C /* HeadlinesViewController+MagazineLayout.swift */,
			);
			path = ViewControllers;
			sourceTree = "<group>";
		};
		F8F14C6D250D70DC00C24FF5 /* Utilites */ = {
			isa = PBXGroup;
			children = (
				F8154D532517EBE300BFB42C /* HeadlineLayoutConfiguration */,
			);
			path = Utilites;
			sourceTree = "<group>";
		};
		F8F14C6E250D70F900C24FF5 /* Networking */ = {
			isa = PBXGroup;
			children = (
				F865F75C2516A4E6001FD067 /* Response */,
				F865F76A2516C08C001FD067 /* NetworkValidResponse.swift */,
				F8DE79E22515904400A6C2D5 /* NetworkService.swift */,
				F8DE79E4251594D700A6C2D5 /* APIClientService.swift */,
			);
			path = Networking;
			sourceTree = "<group>";
		};
		F8F14C6F250D710100C24FF5 /* Extensions */ = {
			isa = PBXGroup;
			children = (
				F8154D6D25180AF100BFB42C /* UI */,
				F8154D782518207B00BFB42C /* String+HTML.swift */,
			);
			path = Extensions;
			sourceTree = "<group>";
		};
		F8F14C70250D712400C24FF5 /* Resources */ = {
			isa = PBXGroup;
			children = (
				F8F14C71250D716A00C24FF5 /* Storyboards */,
				F89B021F250D446200B41293 /* Assets.xcassets */,
			);
			path = Resources;
			sourceTree = "<group>";
		};
		F8F14C71250D716A00C24FF5 /* Storyboards */ = {
			isa = PBXGroup;
			children = (
				F89B0221250D446200B41293 /* LaunchScreen.storyboard */,
				F8F14C72250D719800C24FF5 /* Main.storyboard */,
			);
			path = Storyboards;
			sourceTree = "<group>";
		};
		FA6C9BAEFCB0D31A29283E4B /* Pods */ = {
			isa = PBXGroup;
			children = (
				CE0BB7F85E1175162F017DD0 /* Pods-DutchNews.debug.xcconfig */,
				9F5E3588EBC310FDA84D4BC9 /* Pods-DutchNews.release.xcconfig */,
				4F28822A80945682344AAC12 /* Pods-DutchNews-DutchNewsUITests.debug.xcconfig */,
				60D3AE4F11A8491BCCC459D7 /* Pods-DutchNews-DutchNewsUITests.release.xcconfig */,
				5BB041D0AA6B599D4F5E7D81 /* Pods-DutchNewsTests.debug.xcconfig */,
				C8E2BC6DABFC66D3F898B924 /* Pods-DutchNewsTests.release.xcconfig */,
				58F7ABB66E4031DDAE7CBDC7 /* Pods-DutchNewsUITests.debug.xcconfig */,
				DD3A1F2B03FE42DB1EAECC2E /* Pods-DutchNewsUITests.release.xcconfig */,
			);
			path = Pods;
			sourceTree = "<group>";
		};
/* End PBXGroup section */

/* Begin PBXNativeTarget section */
		F89B0219250D446000B41293 /* DutchNews */ = {
			isa = PBXNativeTarget;
			buildConfigurationList = F89B023D250D446200B41293 /* Build configuration list for PBXNativeTarget "DutchNews" */;
			buildPhases = (
				ED77C5D597B0DE2AE4BC3C93 /* [CP] Check Pods Manifest.lock */,
				F8E5C105251915CE0083D2B1 /* Swift Lint Run Script */,
				F89B0216250D446000B41293 /* Sources */,
				F89B0217250D446000B41293 /* Frameworks */,
				F89B0218250D446000B41293 /* Resources */,
				2A72020948C2D75438B5DA75 /* [CP] Embed Pods Frameworks */,
			);
			buildRules = (
			);
			dependencies = (
			);
			name = DutchNews;
			productName = DutchNews;
			productReference = F89B021A250D446000B41293 /* DutchNews.app */;
			productType = "com.apple.product-type.application";
		};
		F89B0228250D446200B41293 /* DutchNewsTests */ = {
			isa = PBXNativeTarget;
			buildConfigurationList = F89B0240250D446200B41293 /* Build configuration list for PBXNativeTarget "DutchNewsTests" */;
			buildPhases = (
				EF9A2F60853CCD39B6A80215 /* [CP] Check Pods Manifest.lock */,
				F89B0225250D446200B41293 /* Sources */,
				F89B0226250D446200B41293 /* Frameworks */,
				F89B0227250D446200B41293 /* Resources */,
				B48216F6A905881BBE665BFD /* [CP] Embed Pods Frameworks */,
			);
			buildRules = (
			);
			dependencies = (
				F89B022B250D446200B41293 /* PBXTargetDependency */,
			);
			name = DutchNewsTests;
			productName = DutchNewsTests;
			productReference = F89B0229250D446200B41293 /* DutchNewsTests.xctest */;
			productType = "com.apple.product-type.bundle.unit-test";
		};
/* End PBXNativeTarget section */

/* Begin PBXProject section */
		F89B0212250D446000B41293 /* Project object */ = {
			isa = PBXProject;
			attributes = {
				LastSwiftUpdateCheck = 1120;
				LastUpgradeCheck = 1120;
				ORGANIZATIONNAME = "Farshad Mousalou";
				TargetAttributes = {
					F89B0219250D446000B41293 = {
						CreatedOnToolsVersion = 11.2.1;
						ProvisioningStyle = Automatic;
					};
					F89B0228250D446200B41293 = {
						CreatedOnToolsVersion = 11.2.1;
						ProvisioningStyle = Automatic;
						TestTargetID = F89B0219250D446000B41293;
					};
				};
			};
			buildConfigurationList = F89B0215250D446000B41293 /* Build configuration list for PBXProject "DutchNews" */;
			compatibilityVersion = "Xcode 9.3";
			developmentRegion = en;
			hasScannedForEncodings = 0;
			knownRegions = (
				en,
				Base,
			);
			mainGroup = F89B0211250D446000B41293;
			productRefGroup = F89B021B250D446000B41293 /* Products */;
			projectDirPath = "";
			projectRoot = "";
			targets = (
				F89B0219250D446000B41293 /* DutchNews */,
				F89B0228250D446200B41293 /* DutchNewsTests */,
			);
		};
/* End PBXProject section */

/* Begin PBXResourcesBuildPhase section */
		F89B0218250D446000B41293 /* Resources */ = {
			isa = PBXResourcesBuildPhase;
			buildActionMask = 2147483647;
			files = (
				F8154D7625181B1C00BFB42C /* ArticleWebContainerCollectionViewCell.xib in Resources */,
				F8F14C74250D719800C24FF5 /* Main.storyboard in Resources */,
				F8154D6A2518016800BFB42C /* HalfWidthArticleCollectionViewCell.xib in Resources */,
				F89B0220250D446200B41293 /* Assets.xcassets in Resources */,
				F8154D622518011500BFB42C /* MainArticleCollectionViewCell.xib in Resources */,
				F8154D662518012F00BFB42C /* ArticleRowCollectionViewCell.xib in Resources */,
				F8154D7725181D4100BFB42C /* HeadlineSuccessResponse.json in Resources */,
				F89B0223250D446200B41293 /* LaunchScreen.storyboard in Resources */,
			);
			runOnlyForDeploymentPostprocessing = 0;
		};
		F89B0227250D446200B41293 /* Resources */ = {
			isa = PBXResourcesBuildPhase;
			buildActionMask = 2147483647;
			files = (
				F888006B2517A8EE008DCC54 /* HeadlineSuccessResponse.json in Resources */,
				F858998425177D6200A6BA2A /* Articles.json in Resources */,
				F888006D2517AA1F008DCC54 /* HeadlineFailureResponse.json in Resources */,
			);
			runOnlyForDeploymentPostprocessing = 0;
		};
/* End PBXResourcesBuildPhase section */

/* Begin PBXShellScriptBuildPhase section */
		2A72020948C2D75438B5DA75 /* [CP] Embed Pods Frameworks */ = {
			isa = PBXShellScriptBuildPhase;
			buildActionMask = 2147483647;
			files = (
			);
			inputFileListPaths = (
				"${PODS_ROOT}/Target Support Files/Pods-DutchNews/Pods-DutchNews-frameworks-${CONFIGURATION}-input-files.xcfilelist",
			);
			name = "[CP] Embed Pods Frameworks";
			outputFileListPaths = (
				"${PODS_ROOT}/Target Support Files/Pods-DutchNews/Pods-DutchNews-frameworks-${CONFIGURATION}-output-files.xcfilelist",
			);
			runOnlyForDeploymentPostprocessing = 0;
			shellPath = /bin/sh;
			shellScript = "\"${PODS_ROOT}/Target Support Files/Pods-DutchNews/Pods-DutchNews-frameworks.sh\"\n";
			showEnvVarsInLog = 0;
		};
		B48216F6A905881BBE665BFD /* [CP] Embed Pods Frameworks */ = {
			isa = PBXShellScriptBuildPhase;
			buildActionMask = 2147483647;
			files = (
			);
			inputFileListPaths = (
				"${PODS_ROOT}/Target Support Files/Pods-DutchNewsTests/Pods-DutchNewsTests-frameworks-${CONFIGURATION}-input-files.xcfilelist",
			);
			name = "[CP] Embed Pods Frameworks";
			outputFileListPaths = (
				"${PODS_ROOT}/Target Support Files/Pods-DutchNewsTests/Pods-DutchNewsTests-frameworks-${CONFIGURATION}-output-files.xcfilelist",
			);
			runOnlyForDeploymentPostprocessing = 0;
			shellPath = /bin/sh;
			shellScript = "\"${PODS_ROOT}/Target Support Files/Pods-DutchNewsTests/Pods-DutchNewsTests-frameworks.sh\"\n";
			showEnvVarsInLog = 0;
		};
		ED77C5D597B0DE2AE4BC3C93 /* [CP] Check Pods Manifest.lock */ = {
			isa = PBXShellScriptBuildPhase;
			buildActionMask = 2147483647;
			files = (
			);
			inputFileListPaths = (
			);
			inputPaths = (
				"${PODS_PODFILE_DIR_PATH}/Podfile.lock",
				"${PODS_ROOT}/Manifest.lock",
			);
			name = "[CP] Check Pods Manifest.lock";
			outputFileListPaths = (
			);
			outputPaths = (
				"$(DERIVED_FILE_DIR)/Pods-DutchNews-checkManifestLockResult.txt",
			);
			runOnlyForDeploymentPostprocessing = 0;
			shellPath = /bin/sh;
			shellScript = "diff \"${PODS_PODFILE_DIR_PATH}/Podfile.lock\" \"${PODS_ROOT}/Manifest.lock\" > /dev/null\nif [ $? != 0 ] ; then\n    # print error to STDERR\n    echo \"error: The sandbox is not in sync with the Podfile.lock. Run 'pod install' or update your CocoaPods installation.\" >&2\n    exit 1\nfi\n# This output is used by Xcode 'outputs' to avoid re-running this script phase.\necho \"SUCCESS\" > \"${SCRIPT_OUTPUT_FILE_0}\"\n";
			showEnvVarsInLog = 0;
		};
		EF9A2F60853CCD39B6A80215 /* [CP] Check Pods Manifest.lock */ = {
			isa = PBXShellScriptBuildPhase;
			buildActionMask = 2147483647;
			files = (
			);
			inputFileListPaths = (
			);
			inputPaths = (
				"${PODS_PODFILE_DIR_PATH}/Podfile.lock",
				"${PODS_ROOT}/Manifest.lock",
			);
			name = "[CP] Check Pods Manifest.lock";
			outputFileListPaths = (
			);
			outputPaths = (
				"$(DERIVED_FILE_DIR)/Pods-DutchNewsTests-checkManifestLockResult.txt",
			);
			runOnlyForDeploymentPostprocessing = 0;
			shellPath = /bin/sh;
			shellScript = "diff \"${PODS_PODFILE_DIR_PATH}/Podfile.lock\" \"${PODS_ROOT}/Manifest.lock\" > /dev/null\nif [ $? != 0 ] ; then\n    # print error to STDERR\n    echo \"error: The sandbox is not in sync with the Podfile.lock. Run 'pod install' or update your CocoaPods installation.\" >&2\n    exit 1\nfi\n# This output is used by Xcode 'outputs' to avoid re-running this script phase.\necho \"SUCCESS\" > \"${SCRIPT_OUTPUT_FILE_0}\"\n";
			showEnvVarsInLog = 0;
		};
		F8E5C105251915CE0083D2B1 /* Swift Lint Run Script */ = {
			isa = PBXShellScriptBuildPhase;
			buildActionMask = 2147483647;
			files = (
			);
			inputFileListPaths = (
			);
			inputPaths = (
			);
			name = "Swift Lint Run Script";
			outputFileListPaths = (
			);
			outputPaths = (
			);
			runOnlyForDeploymentPostprocessing = 0;
			shellPath = /bin/sh;
			shellScript = "# Type a script or drag a script file from your workspace to insert its path.\nif which \"${PODS_ROOT}/SwiftLint/swiftlint\" >/dev/null; then\n    \"${PODS_ROOT}/SwiftLint/swiftlint\" autocorrect\n    \"${PODS_ROOT}/SwiftLint/swiftlint\"\nelse\n    echo \"warning: SwiftLint not installed, download from https://github.com/realm/SwiftLint\"\nfi\n\n";
		};
/* End PBXShellScriptBuildPhase section */

/* Begin PBXSourcesBuildPhase section */
		F89B0216250D446000B41293 /* Sources */ = {
			isa = PBXSourcesBuildPhase;
			buildActionMask = 2147483647;
			files = (
				F85899882517894B00A6BA2A /* HeadlinesArticleRemoteRepository.swift in Sources */,
				F8E5C0F32518D8AC0083D2B1 /* ArticleViewModel.swift in Sources */,
				F8E5C0ED2518833B0083D2B1 /* ArticlesViewModel.swift in Sources */,
				F8154D6F25180B0200BFB42C /* UIView+Nib.swift in Sources */,
				F858997B25176DC800A6BA2A /* Article.swift in Sources */,
				F865F7622516A6C1001FD067 /* APIServerResponseError.swift in Sources */,
				F865F7602516A643001FD067 /* APIServerResponseStatus.swift in Sources */,
				F8E5C0FA2518E8100083D2B1 /* HeadlinesFetchingUseCase.swift in Sources */,
				F8154D522517EBC700BFB42C /* HeadlinesViewController+MagazineLayout.swift in Sources */,
				F8DE79E32515904400A6C2D5 /* NetworkService.swift in Sources */,
				F8154D752518156000BFB42C /* HeadlinesViewController+DataSource.swift in Sources */,
				F8154D6C25180A9000BFB42C /* HeadlineBaseCollectionViewCell.swift in Sources */,
				F865F76B2516C08C001FD067 /* NetworkValidResponse.swift in Sources */,
				F8154D612518011500BFB42C /* MainArticleCollectionViewCell.swift in Sources */,
				F8E5C0F1251884A20083D2B1 /* HeadlineSearchViewModel.swift in Sources */,
				F8154D7125180C3900BFB42C /* ArticleWebContainerCollectionViewCell.swift in Sources */,
				F8E5C0F82518E7770083D2B1 /* HeadlinesUseCases.swift in Sources */,
				F865F75025168F05001FD067 /* AppConfig.swift in Sources */,
				F8E5C0FE25190CDD0083D2B1 /* HeadlineCellViewModel.swift in Sources */,
				F865F7642516A9D5001FD067 /* APIServerResponse.swift in Sources */,
				F8E5C0F52518DD3E0083D2B1 /* ViewModelState.swift in Sources */,
				F8E5C0FC2518E9150083D2B1 /* HeadlinesSearchingUseCases.swift in Sources */,
				F8154D572517F03600BFB42C /* ArticleHeadlineLayoutConfiguration.swift in Sources */,
				F8E5C0EF2518848D0083D2B1 /* HeadlinesViewModel.swift in Sources */,
				F8154D4E2517D28700BFB42C /* HeadlinesViewController.swift in Sources */,
				F8154D652518012F00BFB42C /* ArticleRowCollectionViewCell.swift in Sources */,
				F8154D792518207B00BFB42C /* String+HTML.swift in Sources */,
				F8E5C0EB251882560083D2B1 /* UIViewController+AlertableView.swift in Sources */,
				F8154D552517EC0D00BFB42C /* HeadlineLayoutConfiguration.swift in Sources */,
				F8E5C0E9251881C80083D2B1 /* AlertableView.swift in Sources */,
				F865F74C251686D2001FD067 /* Authenticator.swift in Sources */,
				F8589986251784B200A6BA2A /* ArticleRepository.swift in Sources */,
				F8DE79E5251594D700A6C2D5 /* APIClientService.swift in Sources */,
				F8154D692518016800BFB42C /* HalfWidthArticleCollectionViewCell.swift in Sources */,
				F865F76D2516C826001FD067 /* DefaultAPIValidResponse.swift in Sources */,
				F858997D25176E8F00A6BA2A /* ArticleSource.swift in Sources */,
				F89B021E250D446000B41293 /* AppDelegate.swift in Sources */,
			);
			runOnlyForDeploymentPostprocessing = 0;
		};
		F89B0225250D446200B41293 /* Sources */ = {
			isa = PBXSourcesBuildPhase;
			buildActionMask = 2147483647;
			files = (
				F85899902517910700A6BA2A /* HeadlinesArticleRemoteRepositoryTests.swift in Sources */,
				F85899822517738C00A6BA2A /* ModelsDataFactory.swift in Sources */,
				F865F7662516AB66001FD067 /* APIServerResponseTests.swift in Sources */,
				F88800692517A423008DCC54 /* RepositoryDependenciesFactory.swift in Sources */,
				F89B022E250D446200B41293 /* DutchNewsTests.swift in Sources */,
				F82C8F0125163898002B27B3 /* NetworkMockingDataFactory.swift in Sources */,
				F82C8EFF25163073002B27B3 /* NetworkMocking.swift in Sources */,
				F865F74E251687E4001FD067 /* APIAuthenticatorTests.swift in Sources */,
				F8589980251772CC00A6BA2A /* ModelTests.swift in Sources */,
				F82C8EFD2516304D002B27B3 /* APIClientServiceTests.swift in Sources */,
				F858998D2517909A00A6BA2A /* MockArticleValidResponse.swift in Sources */,
			);
			runOnlyForDeploymentPostprocessing = 0;
		};
/* End PBXSourcesBuildPhase section */

/* Begin PBXTargetDependency section */
		F89B022B250D446200B41293 /* PBXTargetDependency */ = {
			isa = PBXTargetDependency;
			target = F89B0219250D446000B41293 /* DutchNews */;
			targetProxy = F89B022A250D446200B41293 /* PBXContainerItemProxy */;
		};
/* End PBXTargetDependency section */

/* Begin PBXVariantGroup section */
		F89B0221250D446200B41293 /* LaunchScreen.storyboard */ = {
			isa = PBXVariantGroup;
			children = (
				F89B0222250D446200B41293 /* Base */,
			);
			name = LaunchScreen.storyboard;
			sourceTree = "<group>";
		};
		F8F14C72250D719800C24FF5 /* Main.storyboard */ = {
			isa = PBXVariantGroup;
			children = (
				F8F14C73250D719800C24FF5 /* Base */,
			);
			name = Main.storyboard;
			sourceTree = "<group>";
		};
/* End PBXVariantGroup section */

/* Begin XCBuildConfiguration section */
		F89B023B250D446200B41293 /* Debug */ = {
			isa = XCBuildConfiguration;
			buildSettings = {
				ALWAYS_SEARCH_USER_PATHS = NO;
				CLANG_ANALYZER_NONNULL = YES;
				CLANG_ANALYZER_NUMBER_OBJECT_CONVERSION = YES_AGGRESSIVE;
				CLANG_CXX_LANGUAGE_STANDARD = "gnu++14";
				CLANG_CXX_LIBRARY = "libc++";
				CLANG_ENABLE_MODULES = YES;
				CLANG_ENABLE_OBJC_ARC = YES;
				CLANG_ENABLE_OBJC_WEAK = YES;
				CLANG_WARN_BLOCK_CAPTURE_AUTORELEASING = YES;
				CLANG_WARN_BOOL_CONVERSION = YES;
				CLANG_WARN_COMMA = YES;
				CLANG_WARN_CONSTANT_CONVERSION = YES;
				CLANG_WARN_DEPRECATED_OBJC_IMPLEMENTATIONS = YES;
				CLANG_WARN_DIRECT_OBJC_ISA_USAGE = YES_ERROR;
				CLANG_WARN_DOCUMENTATION_COMMENTS = YES;
				CLANG_WARN_EMPTY_BODY = YES;
				CLANG_WARN_ENUM_CONVERSION = YES;
				CLANG_WARN_INFINITE_RECURSION = YES;
				CLANG_WARN_INT_CONVERSION = YES;
				CLANG_WARN_NON_LITERAL_NULL_CONVERSION = YES;
				CLANG_WARN_OBJC_IMPLICIT_RETAIN_SELF = YES;
				CLANG_WARN_OBJC_LITERAL_CONVERSION = YES;
				CLANG_WARN_OBJC_ROOT_CLASS = YES_ERROR;
				CLANG_WARN_RANGE_LOOP_ANALYSIS = YES;
				CLANG_WARN_STRICT_PROTOTYPES = YES;
				CLANG_WARN_SUSPICIOUS_MOVE = YES;
				CLANG_WARN_UNGUARDED_AVAILABILITY = YES_AGGRESSIVE;
				CLANG_WARN_UNREACHABLE_CODE = YES;
				CLANG_WARN__DUPLICATE_METHOD_MATCH = YES;
				COPY_PHASE_STRIP = NO;
				DEBUG_INFORMATION_FORMAT = dwarf;
				ENABLE_STRICT_OBJC_MSGSEND = YES;
				ENABLE_TESTABILITY = YES;
				GCC_C_LANGUAGE_STANDARD = gnu11;
				GCC_DYNAMIC_NO_PIC = NO;
				GCC_NO_COMMON_BLOCKS = YES;
				GCC_OPTIMIZATION_LEVEL = 0;
				GCC_PREPROCESSOR_DEFINITIONS = (
					"DEBUG=1",
					"$(inherited)",
				);
				GCC_WARN_64_TO_32_BIT_CONVERSION = YES;
				GCC_WARN_ABOUT_RETURN_TYPE = YES_ERROR;
				GCC_WARN_UNDECLARED_SELECTOR = YES;
				GCC_WARN_UNINITIALIZED_AUTOS = YES_AGGRESSIVE;
				GCC_WARN_UNUSED_FUNCTION = YES;
				GCC_WARN_UNUSED_VARIABLE = YES;
				IPHONEOS_DEPLOYMENT_TARGET = 13.2;
				MTL_ENABLE_DEBUG_INFO = INCLUDE_SOURCE;
				MTL_FAST_MATH = YES;
				ONLY_ACTIVE_ARCH = YES;
				SDKROOT = iphoneos;
				SWIFT_ACTIVE_COMPILATION_CONDITIONS = DEBUG;
				SWIFT_OPTIMIZATION_LEVEL = "-Onone";
			};
			name = Debug;
		};
		F89B023C250D446200B41293 /* Release */ = {
			isa = XCBuildConfiguration;
			buildSettings = {
				ALWAYS_SEARCH_USER_PATHS = NO;
				CLANG_ANALYZER_NONNULL = YES;
				CLANG_ANALYZER_NUMBER_OBJECT_CONVERSION = YES_AGGRESSIVE;
				CLANG_CXX_LANGUAGE_STANDARD = "gnu++14";
				CLANG_CXX_LIBRARY = "libc++";
				CLANG_ENABLE_MODULES = YES;
				CLANG_ENABLE_OBJC_ARC = YES;
				CLANG_ENABLE_OBJC_WEAK = YES;
				CLANG_WARN_BLOCK_CAPTURE_AUTORELEASING = YES;
				CLANG_WARN_BOOL_CONVERSION = YES;
				CLANG_WARN_COMMA = YES;
				CLANG_WARN_CONSTANT_CONVERSION = YES;
				CLANG_WARN_DEPRECATED_OBJC_IMPLEMENTATIONS = YES;
				CLANG_WARN_DIRECT_OBJC_ISA_USAGE = YES_ERROR;
				CLANG_WARN_DOCUMENTATION_COMMENTS = YES;
				CLANG_WARN_EMPTY_BODY = YES;
				CLANG_WARN_ENUM_CONVERSION = YES;
				CLANG_WARN_INFINITE_RECURSION = YES;
				CLANG_WARN_INT_CONVERSION = YES;
				CLANG_WARN_NON_LITERAL_NULL_CONVERSION = YES;
				CLANG_WARN_OBJC_IMPLICIT_RETAIN_SELF = YES;
				CLANG_WARN_OBJC_LITERAL_CONVERSION = YES;
				CLANG_WARN_OBJC_ROOT_CLASS = YES_ERROR;
				CLANG_WARN_RANGE_LOOP_ANALYSIS = YES;
				CLANG_WARN_STRICT_PROTOTYPES = YES;
				CLANG_WARN_SUSPICIOUS_MOVE = YES;
				CLANG_WARN_UNGUARDED_AVAILABILITY = YES_AGGRESSIVE;
				CLANG_WARN_UNREACHABLE_CODE = YES;
				CLANG_WARN__DUPLICATE_METHOD_MATCH = YES;
				COPY_PHASE_STRIP = NO;
				DEBUG_INFORMATION_FORMAT = "dwarf-with-dsym";
				ENABLE_NS_ASSERTIONS = NO;
				ENABLE_STRICT_OBJC_MSGSEND = YES;
				GCC_C_LANGUAGE_STANDARD = gnu11;
				GCC_NO_COMMON_BLOCKS = YES;
				GCC_WARN_64_TO_32_BIT_CONVERSION = YES;
				GCC_WARN_ABOUT_RETURN_TYPE = YES_ERROR;
				GCC_WARN_UNDECLARED_SELECTOR = YES;
				GCC_WARN_UNINITIALIZED_AUTOS = YES_AGGRESSIVE;
				GCC_WARN_UNUSED_FUNCTION = YES;
				GCC_WARN_UNUSED_VARIABLE = YES;
				IPHONEOS_DEPLOYMENT_TARGET = 13.2;
				MTL_ENABLE_DEBUG_INFO = NO;
				MTL_FAST_MATH = YES;
				SDKROOT = iphoneos;
				SWIFT_COMPILATION_MODE = wholemodule;
				SWIFT_OPTIMIZATION_LEVEL = "-O";
				VALIDATE_PRODUCT = YES;
			};
			name = Release;
		};
		F89B023E250D446200B41293 /* Debug */ = {
			isa = XCBuildConfiguration;
			baseConfigurationReference = CE0BB7F85E1175162F017DD0 /* Pods-DutchNews.debug.xcconfig */;
			buildSettings = {
				ASSETCATALOG_COMPILER_APPICON_NAME = AppIcon;
				CODE_SIGN_IDENTITY = "Apple Development";
				CODE_SIGN_STYLE = Automatic;
				DEVELOPMENT_TEAM = 638B4QA28J;
				INFOPLIST_FILE = DutchNews/Info.plist;
				IPHONEOS_DEPLOYMENT_TARGET = 11.0;
				LD_RUNPATH_SEARCH_PATHS = (
					"$(inherited)",
					"@executable_path/Frameworks",
				);
				PRODUCT_BUNDLE_IDENTIFIER = com.ifarshad.DutchNews;
				PRODUCT_NAME = "$(TARGET_NAME)";
				PROVISIONING_PROFILE_SPECIFIER = "";
				SWIFT_VERSION = 5.0;
				TARGETED_DEVICE_FAMILY = "1,2";
			};
			name = Debug;
		};
		F89B023F250D446200B41293 /* Release */ = {
			isa = XCBuildConfiguration;
			baseConfigurationReference = 9F5E3588EBC310FDA84D4BC9 /* Pods-DutchNews.release.xcconfig */;
			buildSettings = {
				ASSETCATALOG_COMPILER_APPICON_NAME = AppIcon;
				CODE_SIGN_IDENTITY = "Apple Development";
				CODE_SIGN_STYLE = Automatic;
				DEVELOPMENT_TEAM = 638B4QA28J;
				INFOPLIST_FILE = DutchNews/Info.plist;
				IPHONEOS_DEPLOYMENT_TARGET = 11.0;
				LD_RUNPATH_SEARCH_PATHS = (
					"$(inherited)",
					"@executable_path/Frameworks",
				);
				PRODUCT_BUNDLE_IDENTIFIER = com.ifarshad.DutchNews;
				PRODUCT_NAME = "$(TARGET_NAME)";
				PROVISIONING_PROFILE_SPECIFIER = "";
				SWIFT_VERSION = 5.0;
				TARGETED_DEVICE_FAMILY = "1,2";
			};
			name = Release;
		};
		F89B0241250D446200B41293 /* Debug */ = {
			isa = XCBuildConfiguration;
			baseConfigurationReference = 5BB041D0AA6B599D4F5E7D81 /* Pods-DutchNewsTests.debug.xcconfig */;
			buildSettings = {
				ALWAYS_EMBED_SWIFT_STANDARD_LIBRARIES = YES;
				BUNDLE_LOADER = "$(TEST_HOST)";
				CODE_SIGN_STYLE = Automatic;
				DEVELOPMENT_TEAM = 638B4QA28J;
				INFOPLIST_FILE = DutchNewsTests/Info.plist;
				IPHONEOS_DEPLOYMENT_TARGET = 11.0;
				LD_RUNPATH_SEARCH_PATHS = (
					"$(inherited)",
					"@executable_path/Frameworks",
					"@loader_path/Frameworks",
				);
				PRODUCT_BUNDLE_IDENTIFIER = com.ifarshad.DutchNewsTests;
				PRODUCT_NAME = "$(TARGET_NAME)";
				SWIFT_VERSION = 5.0;
				TARGETED_DEVICE_FAMILY = "1,2";
				TEST_HOST = "$(BUILT_PRODUCTS_DIR)/DutchNews.app/DutchNews";
			};
			name = Debug;
		};
		F89B0242250D446200B41293 /* Release */ = {
			isa = XCBuildConfiguration;
			baseConfigurationReference = C8E2BC6DABFC66D3F898B924 /* Pods-DutchNewsTests.release.xcconfig */;
			buildSettings = {
				ALWAYS_EMBED_SWIFT_STANDARD_LIBRARIES = YES;
				BUNDLE_LOADER = "$(TEST_HOST)";
				CODE_SIGN_STYLE = Automatic;
				DEVELOPMENT_TEAM = 638B4QA28J;
				INFOPLIST_FILE = DutchNewsTests/Info.plist;
				IPHONEOS_DEPLOYMENT_TARGET = 11.0;
				LD_RUNPATH_SEARCH_PATHS = (
					"$(inherited)",
					"@executable_path/Frameworks",
					"@loader_path/Frameworks",
				);
				PRODUCT_BUNDLE_IDENTIFIER = com.ifarshad.DutchNewsTests;
				PRODUCT_NAME = "$(TARGET_NAME)";
				SWIFT_VERSION = 5.0;
				TARGETED_DEVICE_FAMILY = "1,2";
				TEST_HOST = "$(BUILT_PRODUCTS_DIR)/DutchNews.app/DutchNews";
			};
			name = Release;
		};
/* End XCBuildConfiguration section */

/* Begin XCConfigurationList section */
		F89B0215250D446000B41293 /* Build configuration list for PBXProject "DutchNews" */ = {
			isa = XCConfigurationList;
			buildConfigurations = (
				F89B023B250D446200B41293 /* Debug */,
				F89B023C250D446200B41293 /* Release */,
			);
			defaultConfigurationIsVisible = 0;
			defaultConfigurationName = Release;
		};
		F89B023D250D446200B41293 /* Build configuration list for PBXNativeTarget "DutchNews" */ = {
			isa = XCConfigurationList;
			buildConfigurations = (
				F89B023E250D446200B41293 /* Debug */,
				F89B023F250D446200B41293 /* Release */,
			);
			defaultConfigurationIsVisible = 0;
			defaultConfigurationName = Release;
		};
		F89B0240250D446200B41293 /* Build configuration list for PBXNativeTarget "DutchNewsTests" */ = {
			isa = XCConfigurationList;
			buildConfigurations = (
				F89B0241250D446200B41293 /* Debug */,
				F89B0242250D446200B41293 /* Release */,
			);
			defaultConfigurationIsVisible = 0;
			defaultConfigurationName = Release;
		};
/* End XCConfigurationList section */
	};
	rootObject = F89B0212250D446000B41293 /* Project object */;
}
